
Microsoft Visual Studio Solution File, Format Version 12.00
# Visual Studio Version 17
VisualStudioVersion = 17.5.33516.290
MinimumVisualStudioVersion = 10.0.40219.1
Project("{FAE04EC0-301F-11D3-BF4B-00C04F79EFBC}") = "AITResearch", "AITSurvey\AITResearch.csproj", "{5EFF6517-4AA8-4BEB-AC30-8EEA59F12B82}"
EndProject
Project("{FAE04EC0-301F-11D3-BF4B-00C04F79EFBC}") = "AITResearch.Core", "AITSurvey.Core\AITResearch.Core.csproj", "{303B8A59-E79A-434A-81B2-5937A522D725}"
EndProject
Project("{2150E333-8FDC-42A3-9474-1A3956D46DE8}") = ".SolutionItems", ".SolutionItems", "{A955197E-6087-46E8-8A46-C549DD38FB2F}"
	ProjectSection(SolutionItems) = preProject
		readme.MD = readme.MD
	EndProjectSection
EndProject
Global
	GlobalSection(SolutionConfigurationPlatforms) = preSolution
		Debug|Any CPU = Debug|Any CPU
		Release|Any CPU = Release|Any CPU
	EndGlobalSection
	GlobalSection(ProjectConfigurationPlatforms) = postSolution
		{5EFF6517-4AA8-4BEB-AC30-8EEA59F12B82}.Debug|Any CPU.ActiveCfg = Debug|Any CPU
		{5EFF6517-4AA8-4BEB-AC30-8EEA59F12B82}.Debug|Any CPU.Build.0 = Debug|Any CPU
		{5EFF6517-4AA8-4BEB-AC30-8EEA59F12B82}.Release|Any CPU.ActiveCfg = Release|Any CPU
		{5EFF6517-4AA8-4BEB-AC30-8EEA59F12B82}.Release|Any CPU.Build.0 = Release|Any CPU
		{303B8A59-E79A-434A-81B2-5937A522D725}.Debug|Any CPU.ActiveCfg = Debug|Any CPU
		{303B8A59-E79A-434A-81B2-5937A522D725}.Debug|Any CPU.Build.0 = Debug|Any CPU
		{303B8A59-E79A-434A-81B2-5937A522D725}.Release|Any CPU.ActiveCfg = Release|Any CPU
		{303B8A59-E79A-434A-81B2-5937A522D725}.Release|Any CPU.Build.0 = Release|Any CPU
	EndGlobalSection
	GlobalSection(SolutionProperties) = preSolution
		HideSolutionNode = FALSE
	EndGlobalSection
	GlobalSection(ExtensibilityGlobals) = postSolution
		SolutionGuid = {4D6CDE25-B858-49B2-9E0C-2FD6DA95AB4A}
	EndGlobalSection
EndGlobal
